
Microsoft Visual Studio Solution File, Format Version 12.00
# Visual Studio 15
VisualStudioVersion = 15.0.27729.1
MinimumVisualStudioVersion = 10.0.40219.1
Project("{FAE04EC0-301F-11D3-BF4B-00C04F79EFBC}") = "CosmosDBClientSpike", "CosmosDBClientSpike\CosmosDBClientSpike.csproj", "{099E3963-7322-4C53-AE08-31FCFAD8BFD0}"
EndProject
Global
	GlobalSection(SolutionConfigurationPlatforms) = preSolution
		Debug|Any CPU = Debug|Any CPU
		Release|Any CPU = Release|Any CPU
	EndGlobalSection
	GlobalSection(ProjectConfigurationPlatforms) = postSolution
		{099E3963-7322-4C53-AE08-31FCFAD8BFD0}.Debug|Any CPU.ActiveCfg = Debug|Any CPU
		{099E3963-7322-4C53-AE08-31FCFAD8BFD0}.Debug|Any CPU.Build.0 = Debug|Any CPU
		{099E3963-7322-4C53-AE08-31FCFAD8BFD0}.Release|Any CPU.ActiveCfg = Release|Any CPU
		{099E3963-7322-4C53-AE08-31FCFAD8BFD0}.Release|Any CPU.Build.0 = Release|Any CPU
	EndGlobalSection
	GlobalSection(SolutionProperties) = preSolution
		HideSolutionNode = FALSE
	EndGlobalSection
	GlobalSection(ExtensibilityGlobals) = postSolution
		SolutionGuid = {EEDCCFDF-2516-4F23-8CDB-BE6360093A8D}
	EndGlobalSection
EndGlobal
